
Microsoft Visual Studio Solution File, Format Version 12.00
# Visual Studio Version 17
VisualStudioVersion = 17.3.32929.385
MinimumVisualStudioVersion = 10.0.40219.1
Project("{8BC9CEB8-8B4A-11D0-8D11-00A0C91BC942}") = "01importFFmepg", "01importFFmepg\01importFFmepg.vcxproj", "{FCB9DD0B-C44B-4B92-8B27-7CA97094B445}"
EndProject
Project("{8BC9CEB8-8B4A-11D0-8D11-00A0C91BC942}") = "02Decodec", "02Decodec\02Decodec.vcxproj", "{4DBEA7C0-B6A4-4ADC-9C68-414819CBD729}"
EndProject
Project("{8BC9CEB8-8B4A-11D0-8D11-00A0C91BC942}") = "03DirectX", "03DirectX\03DirectX.vcxproj", "{0B2995BF-2647-4E8C-956F-A85FE0E1BD8D}"
EndProject
Project("{8BC9CEB8-8B4A-11D0-8D11-00A0C91BC942}") = "04MFCDirerctXPlayer", "04MFCDirerctXPlayer\04MFCDirerctXPlayer.vcxproj", "{E7A92841-3D63-4B93-819F-E60B3974A093}"
EndProject
Project("{8BC9CEB8-8B4A-11D0-8D11-00A0C91BC942}") = "05CaptureDevice", "05CaptureDevice\05CaptureDevice.vcxproj", "{10F036CF-57CA-4D50-BB33-1364F4EF7E28}"
EndProject
Project("{8BC9CEB8-8B4A-11D0-8D11-00A0C91BC942}") = "06OpenGLPlayer", "06OpenGLPlayer\06OpenGLPlayer.vcxproj", "{325DC2DA-50C2-4945-9E68-F017F67D31BC}"
EndProject
Project("{8BC9CEB8-8B4A-11D0-8D11-00A0C91BC942}") = "07OpenGLShader", "07OpenGLShader\07OpenGLShader.vcxproj", "{8CC68C0E-8626-438E-AF01-9BC6AF99E03B}"
EndProject
Project("{8BC9CEB8-8B4A-11D0-8D11-00A0C91BC942}") = "08CaptureDesktop", "08CaptureDesktop\08CaptureDesktop.vcxproj", "{739AFB9D-B3BF-44A8-8881-4D765F46EBB5}"
EndProject
Global
	GlobalSection(SolutionConfigurationPlatforms) = preSolution
		Debug|x64 = Debug|x64
		Debug|x86 = Debug|x86
		Release|x64 = Release|x64
		Release|x86 = Release|x86
	EndGlobalSection
	GlobalSection(ProjectConfigurationPlatforms) = postSolution
		{FCB9DD0B-C44B-4B92-8B27-7CA97094B445}.Debug|x64.ActiveCfg = Debug|x64
		{FCB9DD0B-C44B-4B92-8B27-7CA97094B445}.Debug|x64.Build.0 = Debug|x64
		{FCB9DD0B-C44B-4B92-8B27-7CA97094B445}.Debug|x86.ActiveCfg = Debug|Win32
		{FCB9DD0B-C44B-4B92-8B27-7CA97094B445}.Debug|x86.Build.0 = Debug|Win32
		{FCB9DD0B-C44B-4B92-8B27-7CA97094B445}.Release|x64.ActiveCfg = Release|x64
		{FCB9DD0B-C44B-4B92-8B27-7CA97094B445}.Release|x64.Build.0 = Release|x64
		{FCB9DD0B-C44B-4B92-8B27-7CA97094B445}.Release|x86.ActiveCfg = Release|Win32
		{FCB9DD0B-C44B-4B92-8B27-7CA97094B445}.Release|x86.Build.0 = Release|Win32
		{4DBEA7C0-B6A4-4ADC-9C68-414819CBD729}.Debug|x64.ActiveCfg = Debug|x64
		{4DBEA7C0-B6A4-4ADC-9C68-414819CBD729}.Debug|x64.Build.0 = Debug|x64
		{4DBEA7C0-B6A4-4ADC-9C68-414819CBD729}.Debug|x86.ActiveCfg = Debug|Win32
		{4DBEA7C0-B6A4-4ADC-9C68-414819CBD729}.Debug|x86.Build.0 = Debug|Win32
		{4DBEA7C0-B6A4-4ADC-9C68-414819CBD729}.Release|x64.ActiveCfg = Release|x64
		{4DBEA7C0-B6A4-4ADC-9C68-414819CBD729}.Release|x64.Build.0 = Release|x64
		{4DBEA7C0-B6A4-4ADC-9C68-414819CBD729}.Release|x86.ActiveCfg = Release|Win32
		{4DBEA7C0-B6A4-4ADC-9C68-414819CBD729}.Release|x86.Build.0 = Release|Win32
		{0B2995BF-2647-4E8C-956F-A85FE0E1BD8D}.Debug|x64.ActiveCfg = Debug|x64
		{0B2995BF-2647-4E8C-956F-A85FE0E1BD8D}.Debug|x64.Build.0 = Debug|x64
		{0B2995BF-2647-4E8C-956F-A85FE0E1BD8D}.Debug|x86.ActiveCfg = Debug|Win32
		{0B2995BF-2647-4E8C-956F-A85FE0E1BD8D}.Debug|x86.Build.0 = Debug|Win32
		{0B2995BF-2647-4E8C-956F-A85FE0E1BD8D}.Release|x64.ActiveCfg = Release|x64
		{0B2995BF-2647-4E8C-956F-A85FE0E1BD8D}.Release|x64.Build.0 = Release|x64
		{0B2995BF-2647-4E8C-956F-A85FE0E1BD8D}.Release|x86.ActiveCfg = Release|Win32
		{0B2995BF-2647-4E8C-956F-A85FE0E1BD8D}.Release|x86.Build.0 = Release|Win32
		{E7A92841-3D63-4B93-819F-E60B3974A093}.Debug|x64.ActiveCfg = Debug|x64
		{E7A92841-3D63-4B93-819F-E60B3974A093}.Debug|x64.Build.0 = Debug|x64
		{E7A92841-3D63-4B93-819F-E60B3974A093}.Debug|x86.ActiveCfg = Debug|Win32
		{E7A92841-3D63-4B93-819F-E60B3974A093}.Debug|x86.Build.0 = Debug|Win32
		{E7A92841-3D63-4B93-819F-E60B3974A093}.Release|x64.ActiveCfg = Release|x64
		{E7A92841-3D63-4B93-819F-E60B3974A093}.Release|x64.Build.0 = Release|x64
		{E7A92841-3D63-4B93-819F-E60B3974A093}.Release|x86.ActiveCfg = Release|Win32
		{E7A92841-3D63-4B93-819F-E60B3974A093}.Release|x86.Build.0 = Release|Win32
		{10F036CF-57CA-4D50-BB33-1364F4EF7E28}.Debug|x64.ActiveCfg = Debug|x64
		{10F036CF-57CA-4D50-BB33-1364F4EF7E28}.Debug|x64.Build.0 = Debug|x64
		{10F036CF-57CA-4D50-BB33-1364F4EF7E28}.Debug|x86.ActiveCfg = Debug|Win32
		{10F036CF-57CA-4D50-BB33-1364F4EF7E28}.Debug|x86.Build.0 = Debug|Win32
		{10F036CF-57CA-4D50-BB33-1364F4EF7E28}.Release|x64.ActiveCfg = Release|x64
		{10F036CF-57CA-4D50-BB33-1364F4EF7E28}.Release|x64.Build.0 = Release|x64
		{10F036CF-57CA-4D50-BB33-1364F4EF7E28}.Release|x86.ActiveCfg = Release|Win32
		{10F036CF-57CA-4D50-BB33-1364F4EF7E28}.Release|x86.Build.0 = Release|Win32
		{325DC2DA-50C2-4945-9E68-F017F67D31BC}.Debug|x64.ActiveCfg = Debug|x64
		{325DC2DA-50C2-4945-9E68-F017F67D31BC}.Debug|x64.Build.0 = Debug|x64
		{325DC2DA-50C2-4945-9E68-F017F67D31BC}.Debug|x86.ActiveCfg = Debug|Win32
		{325DC2DA-50C2-4945-9E68-F017F67D31BC}.Debug|x86.Build.0 = Debug|Win32
		{325DC2DA-50C2-4945-9E68-F017F67D31BC}.Release|x64.ActiveCfg = Release|x64
		{325DC2DA-50C2-4945-9E68-F017F67D31BC}.Release|x64.Build.0 = Release|x64
		{325DC2DA-50C2-4945-9E68-F017F67D31BC}.Release|x86.ActiveCfg = Release|Win32
		{325DC2DA-50C2-4945-9E68-F017F67D31BC}.Release|x86.Build.0 = Release|Win32
		{8CC68C0E-8626-438E-AF01-9BC6AF99E03B}.Debug|x64.ActiveCfg = Debug|x64
		{8CC68C0E-8626-438E-AF01-9BC6AF99E03B}.Debug|x64.Build.0 = Debug|x64
		{8CC68C0E-8626-438E-AF01-9BC6AF99E03B}.Debug|x86.ActiveCfg = Debug|Win32
		{8CC68C0E-8626-438E-AF01-9BC6AF99E03B}.Debug|x86.Build.0 = Debug|Win32
		{8CC68C0E-8626-438E-AF01-9BC6AF99E03B}.Release|x64.ActiveCfg = Release|x64
		{8CC68C0E-8626-438E-AF01-9BC6AF99E03B}.Release|x64.Build.0 = Release|x64
		{8CC68C0E-8626-438E-AF01-9BC6AF99E03B}.Release|x86.ActiveCfg = Release|Win32
		{8CC68C0E-8626-438E-AF01-9BC6AF99E03B}.Release|x86.Build.0 = Release|Win32
		{739AFB9D-B3BF-44A8-8881-4D765F46EBB5}.Debug|x64.ActiveCfg = Debug|x64
		{739AFB9D-B3BF-44A8-8881-4D765F46EBB5}.Debug|x64.Build.0 = Debug|x64
		{739AFB9D-B3BF-44A8-8881-4D765F46EBB5}.Debug|x86.ActiveCfg = Debug|Win32
		{739AFB9D-B3BF-44A8-8881-4D765F46EBB5}.Debug|x86.Build.0 = Debug|Win32
		{739AFB9D-B3BF-44A8-8881-4D765F46EBB5}.Release|x64.ActiveCfg = Release|x64
		{739AFB9D-B3BF-44A8-8881-4D765F46EBB5}.Release|x64.Build.0 = Release|x64
		{739AFB9D-B3BF-44A8-8881-4D765F46EBB5}.Release|x86.ActiveCfg = Release|Win32
		{739AFB9D-B3BF-44A8-8881-4D765F46EBB5}.Release|x86.Build.0 = Release|Win32
	EndGlobalSection
	GlobalSection(SolutionProperties) = preSolution
		HideSolutionNode = FALSE
	EndGlobalSection
	GlobalSection(ExtensibilityGlobals) = postSolution
		SolutionGuid = {2EBA2BDA-34FB-4345-B302-01D3EC0D57B8}
	EndGlobalSection
EndGlobal
